
Microsoft Visual Studio Solution File, Format Version 12.00
# Visual Studio Version 17
VisualStudioVersion = 17.5.33502.453
MinimumVisualStudioVersion = 10.0.40219.1
Project("{9A19103F-16F7-4668-BE54-9A1E7A4F7556}") = "Variables", "Variables\Variables.csproj", "{30F4205B-9E4F-455C-83E7-658AF7051838}"
EndProject
Project("{9A19103F-16F7-4668-BE54-9A1E7A4F7556}") = "Decisions_and_Loops", "Decisions_and_Loops\Decisions_and_Loops.csproj", "{330A871E-8586-4319-BC5C-8EC095904FE2}"
EndProject
Project("{9A19103F-16F7-4668-BE54-9A1E7A4F7556}") = "MoreAboutDataTypes", "MoreAboutDataTypes\MoreAboutDataTypes.csproj", "{34F0A5FB-1C87-4183-B258-F508628201E5}"
EndProject
Project("{9A19103F-16F7-4668-BE54-9A1E7A4F7556}") = "Functions", "Functions\Functions.csproj", "{5960DEA7-2AA5-48BA-B430-67F1CAF69813}"
EndProject
Project("{9A19103F-16F7-4668-BE54-9A1E7A4F7556}") = "ClassesStructsAndRecords", "ClassesStructsAndRecords\ClassesStructsAndRecords.csproj", "{B485122B-3284-49AB-9938-5824DED207B8}"
EndProject
Project("{9A19103F-16F7-4668-BE54-9A1E7A4F7556}") = "OOP", "OOP\OOP.csproj", "{05FD8828-B5F8-4303-A80B-4F45C976104C}"
EndProject
Project("{9A19103F-16F7-4668-BE54-9A1E7A4F7556}") = "Utilitites", "Utilitites\Utilitites.csproj", "{3A390576-7BD0-498E-A1A8-6023DDFB711C}"
EndProject
Project("{9A19103F-16F7-4668-BE54-9A1E7A4F7556}") = "DebuggingAndErrorHandling", "DebuggingAndErrorHandling\DebuggingAndErrorHandling.csproj", "{E66C3594-1418-4E6C-B201-7D71F183C237}"
EndProject
Project("{9A19103F-16F7-4668-BE54-9A1E7A4F7556}") = "GenericsAndCollections", "GenericsAndCollections\GenericsAndCollections.csproj", "{631F6E38-FD8C-461D-958D-31281CB3D108}"
EndProject
Project("{9A19103F-16F7-4668-BE54-9A1E7A4F7556}") = "IntroToLINQ", "IntroToLINQ\IntroToLINQ.csproj", "{28824C10-F0B7-4CF2-A0F6-30DCB71491C4}"
EndProject
Project("{9A19103F-16F7-4668-BE54-9A1E7A4F7556}") = "WorkingWithFiles", "WorkingWithFiles\WorkingWithFiles.csproj", "{099274B9-6240-4C45-A102-0C69442DC9A7}"
EndProject
Project("{9A19103F-16F7-4668-BE54-9A1E7A4F7556}") = "Concurrency", "Concurrency\Concurrency.csproj", "{A40113FD-A3AE-4824-A3D7-5B27113B3684}"
EndProject
Project("{9A19103F-16F7-4668-BE54-9A1E7A4F7556}") = "AdoNet", "AdoNet\AdoNet.csproj", "{CE0D9332-C648-416E-B5E6-25686ACB7FBF}"
EndProject
Project("{9A19103F-16F7-4668-BE54-9A1E7A4F7556}") = "ReflectionAndMetadata", "ReflectionAndMetadata\ReflectionAndMetadata.csproj", "{C591D902-46AF-4E22-B72C-C88DD423C3D4}"
EndProject
Project("{FAE04EC0-301F-11D3-BF4B-00C04F79EFBC}") = "MyGenerator", "MyGenerator\MyGenerator.csproj", "{76C700F0-A032-4901-9BAE-16E372595147}"
EndProject
Global
	GlobalSection(SolutionConfigurationPlatforms) = preSolution
		Debug|Any CPU = Debug|Any CPU
		Release|Any CPU = Release|Any CPU
	EndGlobalSection
	GlobalSection(ProjectConfigurationPlatforms) = postSolution
		{30F4205B-9E4F-455C-83E7-658AF7051838}.Debug|Any CPU.ActiveCfg = Debug|Any CPU
		{30F4205B-9E4F-455C-83E7-658AF7051838}.Debug|Any CPU.Build.0 = Debug|Any CPU
		{30F4205B-9E4F-455C-83E7-658AF7051838}.Release|Any CPU.ActiveCfg = Release|Any CPU
		{30F4205B-9E4F-455C-83E7-658AF7051838}.Release|Any CPU.Build.0 = Release|Any CPU
		{330A871E-8586-4319-BC5C-8EC095904FE2}.Debug|Any CPU.ActiveCfg = Debug|Any CPU
		{330A871E-8586-4319-BC5C-8EC095904FE2}.Debug|Any CPU.Build.0 = Debug|Any CPU
		{330A871E-8586-4319-BC5C-8EC095904FE2}.Release|Any CPU.ActiveCfg = Release|Any CPU
		{330A871E-8586-4319-BC5C-8EC095904FE2}.Release|Any CPU.Build.0 = Release|Any CPU
		{34F0A5FB-1C87-4183-B258-F508628201E5}.Debug|Any CPU.ActiveCfg = Debug|Any CPU
		{34F0A5FB-1C87-4183-B258-F508628201E5}.Debug|Any CPU.Build.0 = Debug|Any CPU
		{34F0A5FB-1C87-4183-B258-F508628201E5}.Release|Any CPU.ActiveCfg = Release|Any CPU
		{34F0A5FB-1C87-4183-B258-F508628201E5}.Release|Any CPU.Build.0 = Release|Any CPU
		{5960DEA7-2AA5-48BA-B430-67F1CAF69813}.Debug|Any CPU.ActiveCfg = Debug|Any CPU
		{5960DEA7-2AA5-48BA-B430-67F1CAF69813}.Debug|Any CPU.Build.0 = Debug|Any CPU
		{5960DEA7-2AA5-48BA-B430-67F1CAF69813}.Release|Any CPU.ActiveCfg = Release|Any CPU
		{5960DEA7-2AA5-48BA-B430-67F1CAF69813}.Release|Any CPU.Build.0 = Release|Any CPU
		{B485122B-3284-49AB-9938-5824DED207B8}.Debug|Any CPU.ActiveCfg = Debug|Any CPU
		{B485122B-3284-49AB-9938-5824DED207B8}.Debug|Any CPU.Build.0 = Debug|Any CPU
		{B485122B-3284-49AB-9938-5824DED207B8}.Release|Any CPU.ActiveCfg = Release|Any CPU
		{B485122B-3284-49AB-9938-5824DED207B8}.Release|Any CPU.Build.0 = Release|Any CPU
		{05FD8828-B5F8-4303-A80B-4F45C976104C}.Debug|Any CPU.ActiveCfg = Debug|Any CPU
		{05FD8828-B5F8-4303-A80B-4F45C976104C}.Debug|Any CPU.Build.0 = Debug|Any CPU
		{05FD8828-B5F8-4303-A80B-4F45C976104C}.Release|Any CPU.ActiveCfg = Release|Any CPU
		{05FD8828-B5F8-4303-A80B-4F45C976104C}.Release|Any CPU.Build.0 = Release|Any CPU
		{3A390576-7BD0-498E-A1A8-6023DDFB711C}.Debug|Any CPU.ActiveCfg = Debug|Any CPU
		{3A390576-7BD0-498E-A1A8-6023DDFB711C}.Debug|Any CPU.Build.0 = Debug|Any CPU
		{3A390576-7BD0-498E-A1A8-6023DDFB711C}.Release|Any CPU.ActiveCfg = Release|Any CPU
		{3A390576-7BD0-498E-A1A8-6023DDFB711C}.Release|Any CPU.Build.0 = Release|Any CPU
		{E66C3594-1418-4E6C-B201-7D71F183C237}.Debug|Any CPU.ActiveCfg = Debug|Any CPU
		{E66C3594-1418-4E6C-B201-7D71F183C237}.Debug|Any CPU.Build.0 = Debug|Any CPU
		{E66C3594-1418-4E6C-B201-7D71F183C237}.Release|Any CPU.ActiveCfg = Release|Any CPU
		{E66C3594-1418-4E6C-B201-7D71F183C237}.Release|Any CPU.Build.0 = Release|Any CPU
		{631F6E38-FD8C-461D-958D-31281CB3D108}.Debug|Any CPU.ActiveCfg = Debug|Any CPU
		{631F6E38-FD8C-461D-958D-31281CB3D108}.Debug|Any CPU.Build.0 = Debug|Any CPU
		{631F6E38-FD8C-461D-958D-31281CB3D108}.Release|Any CPU.ActiveCfg = Release|Any CPU
		{631F6E38-FD8C-461D-958D-31281CB3D108}.Release|Any CPU.Build.0 = Release|Any CPU
		{28824C10-F0B7-4CF2-A0F6-30DCB71491C4}.Debug|Any CPU.ActiveCfg = Debug|Any CPU
		{28824C10-F0B7-4CF2-A0F6-30DCB71491C4}.Debug|Any CPU.Build.0 = Debug|Any CPU
		{28824C10-F0B7-4CF2-A0F6-30DCB71491C4}.Release|Any CPU.ActiveCfg = Release|Any CPU
		{28824C10-F0B7-4CF2-A0F6-30DCB71491C4}.Release|Any CPU.Build.0 = Release|Any CPU
		{099274B9-6240-4C45-A102-0C69442DC9A7}.Debug|Any CPU.ActiveCfg = Debug|Any CPU
		{099274B9-6240-4C45-A102-0C69442DC9A7}.Debug|Any CPU.Build.0 = Debug|Any CPU
		{099274B9-6240-4C45-A102-0C69442DC9A7}.Release|Any CPU.ActiveCfg = Release|Any CPU
		{099274B9-6240-4C45-A102-0C69442DC9A7}.Release|Any CPU.Build.0 = Release|Any CPU
		{A40113FD-A3AE-4824-A3D7-5B27113B3684}.Debug|Any CPU.ActiveCfg = Debug|Any CPU
		{A40113FD-A3AE-4824-A3D7-5B27113B3684}.Debug|Any CPU.Build.0 = Debug|Any CPU
		{A40113FD-A3AE-4824-A3D7-5B27113B3684}.Release|Any CPU.ActiveCfg = Release|Any CPU
		{A40113FD-A3AE-4824-A3D7-5B27113B3684}.Release|Any CPU.Build.0 = Release|Any CPU
		{CE0D9332-C648-416E-B5E6-25686ACB7FBF}.Debug|Any CPU.ActiveCfg = Debug|Any CPU
		{CE0D9332-C648-416E-B5E6-25686ACB7FBF}.Debug|Any CPU.Build.0 = Debug|Any CPU
		{CE0D9332-C648-416E-B5E6-25686ACB7FBF}.Release|Any CPU.ActiveCfg = Release|Any CPU
		{CE0D9332-C648-416E-B5E6-25686ACB7FBF}.Release|Any CPU.Build.0 = Release|Any CPU
		{C591D902-46AF-4E22-B72C-C88DD423C3D4}.Debug|Any CPU.ActiveCfg = Debug|Any CPU
		{C591D902-46AF-4E22-B72C-C88DD423C3D4}.Debug|Any CPU.Build.0 = Debug|Any CPU
		{C591D902-46AF-4E22-B72C-C88DD423C3D4}.Release|Any CPU.ActiveCfg = Release|Any CPU
		{C591D902-46AF-4E22-B72C-C88DD423C3D4}.Release|Any CPU.Build.0 = Release|Any CPU
		{76C700F0-A032-4901-9BAE-16E372595147}.Debug|Any CPU.ActiveCfg = Debug|Any CPU
		{76C700F0-A032-4901-9BAE-16E372595147}.Debug|Any CPU.Build.0 = Debug|Any CPU
		{76C700F0-A032-4901-9BAE-16E372595147}.Release|Any CPU.ActiveCfg = Release|Any CPU
		{76C700F0-A032-4901-9BAE-16E372595147}.Release|Any CPU.Build.0 = Release|Any CPU
	EndGlobalSection
	GlobalSection(SolutionProperties) = preSolution
		HideSolutionNode = FALSE
	EndGlobalSection
	GlobalSection(ExtensibilityGlobals) = postSolution
		SolutionGuid = {5EFD29F0-E6A2-49BA-A639-186B07C000FA}
	EndGlobalSection
EndGlobal
